
Microsoft Visual Studio Solution File, Format Version 12.00
# Visual Studio Version 17
VisualStudioVersion = 17.1.32328.378
MinimumVisualStudioVersion = 10.0.40219.1
Project("{FAE04EC0-301F-11D3-BF4B-00C04F79EFBC}") = "Order.Api", "Order.Api\Order.Api.csproj", "{D62FA290-4CD1-4593-BDD8-D951F68EF6EA}"
EndProject
Project("{FAE04EC0-301F-11D3-BF4B-00C04F79EFBC}") = "Order.Service", "Order.Service\Order.Service.csproj", "{8F3CE2A6-2058-4B12-BB46-649E1AB2540E}"
EndProject
Project("{FAE04EC0-301F-11D3-BF4B-00C04F79EFBC}") = "Payment.Service", "Payment.Service\Payment.Service.csproj", "{2CE8ECAA-D1FA-4EEF-8DEF-CD63B2FA81D8}"
EndProject
Project("{FAE04EC0-301F-11D3-BF4B-00C04F79EFBC}") = "Saga.Service", "Saga.Service\Saga.Service.csproj", "{2A928E01-B1D4-43B8-A07D-B5D58C3E0443}"
EndProject
Project("{FAE04EC0-301F-11D3-BF4B-00C04F79EFBC}") = "Stock.Service", "Stock.Service\Stock.Service.csproj", "{D840B906-6C14-427D-B02C-2CE5FC46C2B2}"
EndProject
Project("{FAE04EC0-301F-11D3-BF4B-00C04F79EFBC}") = "Core", "Core\Core.csproj", "{FD00CC83-B9CF-469C-893D-769BAF816F1E}"
EndProject
Global
	GlobalSection(SolutionConfigurationPlatforms) = preSolution
		Debug|Any CPU = Debug|Any CPU
		Release|Any CPU = Release|Any CPU
	EndGlobalSection
	GlobalSection(ProjectConfigurationPlatforms) = postSolution
		{D62FA290-4CD1-4593-BDD8-D951F68EF6EA}.Debug|Any CPU.ActiveCfg = Debug|Any CPU
		{D62FA290-4CD1-4593-BDD8-D951F68EF6EA}.Debug|Any CPU.Build.0 = Debug|Any CPU
		{D62FA290-4CD1-4593-BDD8-D951F68EF6EA}.Release|Any CPU.ActiveCfg = Release|Any CPU
		{D62FA290-4CD1-4593-BDD8-D951F68EF6EA}.Release|Any CPU.Build.0 = Release|Any CPU
		{8F3CE2A6-2058-4B12-BB46-649E1AB2540E}.Debug|Any CPU.ActiveCfg = Debug|Any CPU
		{8F3CE2A6-2058-4B12-BB46-649E1AB2540E}.Debug|Any CPU.Build.0 = Debug|Any CPU
		{8F3CE2A6-2058-4B12-BB46-649E1AB2540E}.Release|Any CPU.ActiveCfg = Release|Any CPU
		{8F3CE2A6-2058-4B12-BB46-649E1AB2540E}.Release|Any CPU.Build.0 = Release|Any CPU
		{2CE8ECAA-D1FA-4EEF-8DEF-CD63B2FA81D8}.Debug|Any CPU.ActiveCfg = Debug|Any CPU
		{2CE8ECAA-D1FA-4EEF-8DEF-CD63B2FA81D8}.Debug|Any CPU.Build.0 = Debug|Any CPU
		{2CE8ECAA-D1FA-4EEF-8DEF-CD63B2FA81D8}.Release|Any CPU.ActiveCfg = Release|Any CPU
		{2CE8ECAA-D1FA-4EEF-8DEF-CD63B2FA81D8}.Release|Any CPU.Build.0 = Release|Any CPU
		{2A928E01-B1D4-43B8-A07D-B5D58C3E0443}.Debug|Any CPU.ActiveCfg = Debug|Any CPU
		{2A928E01-B1D4-43B8-A07D-B5D58C3E0443}.Debug|Any CPU.Build.0 = Debug|Any CPU
		{2A928E01-B1D4-43B8-A07D-B5D58C3E0443}.Release|Any CPU.ActiveCfg = Release|Any CPU
		{2A928E01-B1D4-43B8-A07D-B5D58C3E0443}.Release|Any CPU.Build.0 = Release|Any CPU
		{D840B906-6C14-427D-B02C-2CE5FC46C2B2}.Debug|Any CPU.ActiveCfg = Debug|Any CPU
		{D840B906-6C14-427D-B02C-2CE5FC46C2B2}.Debug|Any CPU.Build.0 = Debug|Any CPU
		{D840B906-6C14-427D-B02C-2CE5FC46C2B2}.Release|Any CPU.ActiveCfg = Release|Any CPU
		{D840B906-6C14-427D-B02C-2CE5FC46C2B2}.Release|Any CPU.Build.0 = Release|Any CPU
		{FD00CC83-B9CF-469C-893D-769BAF816F1E}.Debug|Any CPU.ActiveCfg = Debug|Any CPU
		{FD00CC83-B9CF-469C-893D-769BAF816F1E}.Debug|Any CPU.Build.0 = Debug|Any CPU
		{FD00CC83-B9CF-469C-893D-769BAF816F1E}.Release|Any CPU.ActiveCfg = Release|Any CPU
		{FD00CC83-B9CF-469C-893D-769BAF816F1E}.Release|Any CPU.Build.0 = Release|Any CPU
	EndGlobalSection
	GlobalSection(SolutionProperties) = preSolution
		HideSolutionNode = FALSE
	EndGlobalSection
	GlobalSection(ExtensibilityGlobals) = postSolution
		SolutionGuid = {687643D8-0D34-43D1-9418-9219C215A328}
	EndGlobalSection
EndGlobal
